{
  "name": "fingrprintr",
  "version": "0.0.0",
  "lockfileVersion": 2,
  "requires": true,
  "packages": {
    "": {
      "name": "fingrprintr",
      "version": "0.0.0",
      "devDependencies": {
        "@cloudflare/workers-types": "^3.18.0"
      }
    },
    "node_modules/@cloudflare/workers-types": {
      "version": "3.18.0",
      "resolved": "https://registry.npmjs.org/@cloudflare/workers-types/-/workers-types-3.18.0.tgz",
      "integrity": "sha512-ehKOJVLMeR+tZkYhWEaLYQxl0TaIZu/kE86HF3/RidR8Xv5LuQxpbh+XXAoKVqsaphWLhIgBhgnlN5HGdheXSQ==",
      "dev": true
    }
  },
  "dependencies": {
    "@cloudflare/workers-types": {
      "version": "3.18.0",
      "resolved": "https://registry.npmjs.org/@cloudflare/workers-types/-/workers-types-3.18.0.tgz",
      "integrity": "sha512-ehKOJVLMeR+tZkYhWEaLYQxl0TaIZu/kE86HF3/RidR8Xv5LuQxpbh+XXAoKVqsaphWLhIgBhgnlN5HGdheXSQ==",
      "dev": true
    }
  }
}
